
Microsoft Visual Studio Solution File, Format Version 12.00
# Visual Studio Version 17
VisualStudioVersion = 17.4.33205.214
MinimumVisualStudioVersion = 10.0.40219.1
Project("{9A19103F-16F7-4668-BE54-9A1E7A4F7556}") = "Hello.ServiceA", "Hello.ServiceA\Hello.ServiceA.csproj", "{11F2AF03-D9BF-454F-8280-9FC5CA2C9D0B}"
EndProject
Project("{FAE04EC0-301F-11D3-BF4B-00C04F79EFBC}") = "Hello.ServiceB", "Hello.ServiceB\Hello.ServiceB.csproj", "{6D51DBDF-412D-4DFF-B284-9D442B84057E}"
EndProject
Global
	GlobalSection(SolutionConfigurationPlatforms) = preSolution
		Debug|Any CPU = Debug|Any CPU
		Release|Any CPU = Release|Any CPU
	EndGlobalSection
	GlobalSection(ProjectConfigurationPlatforms) = postSolution
		{11F2AF03-D9BF-454F-8280-9FC5CA2C9D0B}.Debug|Any CPU.ActiveCfg = Debug|Any CPU
		{11F2AF03-D9BF-454F-8280-9FC5CA2C9D0B}.Debug|Any CPU.Build.0 = Debug|Any CPU
		{11F2AF03-D9BF-454F-8280-9FC5CA2C9D0B}.Release|Any CPU.ActiveCfg = Release|Any CPU
		{11F2AF03-D9BF-454F-8280-9FC5CA2C9D0B}.Release|Any CPU.Build.0 = Release|Any CPU
		{6D51DBDF-412D-4DFF-B284-9D442B84057E}.Debug|Any CPU.ActiveCfg = Debug|Any CPU
		{6D51DBDF-412D-4DFF-B284-9D442B84057E}.Debug|Any CPU.Build.0 = Debug|Any CPU
		{6D51DBDF-412D-4DFF-B284-9D442B84057E}.Release|Any CPU.ActiveCfg = Release|Any CPU
		{6D51DBDF-412D-4DFF-B284-9D442B84057E}.Release|Any CPU.Build.0 = Release|Any CPU
	EndGlobalSection
	GlobalSection(SolutionProperties) = preSolution
		HideSolutionNode = FALSE
	EndGlobalSection
	GlobalSection(ExtensibilityGlobals) = postSolution
		SolutionGuid = {C5CA4C35-348D-41FD-B74F-58A6D196B2C5}
	EndGlobalSection
EndGlobal
